// !$*UTF8*$!
{
	archiveVersion = 1;
	classes = {
	};
	objectVersion = 46;
	objects = {

/* Begin PBXBuildFile section */
		669594061E8F91F3004BA9B0 /* AppDelegate.swift in Sources */ = {isa = PBXBuildFile; fileRef = 669594051E8F91F3004BA9B0 /* AppDelegate.swift */; };
		669594081E8F91F3004BA9B0 /* ViewController.swift in Sources */ = {isa = PBXBuildFile; fileRef = 669594071E8F91F3004BA9B0 /* ViewController.swift */; };
		6695940B1E8F91F3004BA9B0 /* Main.storyboard in Resources */ = {isa = PBXBuildFile; fileRef = 669594091E8F91F3004BA9B0 /* Main.storyboard */; };
		6695940D1E8F91F3004BA9B0 /* Assets.xcassets in Resources */ = {isa = PBXBuildFile; fileRef = 6695940C1E8F91F3004BA9B0 /* Assets.xcassets */; };
		669594101E8F91F3004BA9B0 /* LaunchScreen.storyboard in Resources */ = {isa = PBXBuildFile; fileRef = 6695940E1E8F91F3004BA9B0 /* LaunchScreen.storyboard */; };
		669594181E8F9548004BA9B0 /* Toast.swift in Sources */ = {isa = PBXBuildFile; fileRef = 669594171E8F9548004BA9B0 /* Toast.swift */; };
		669594281E8F964B004BA9B0 /* Animation.swift in Sources */ = {isa = PBXBuildFile; fileRef = 6695941B1E8F964B004BA9B0 /* Animation.swift */; };
		669594291E8F964B004BA9B0 /* Array.swift in Sources */ = {isa = PBXBuildFile; fileRef = 6695941C1E8F964B004BA9B0 /* Array.swift */; };
		6695942A1E8F964B004BA9B0 /* Async.swift in Sources */ = {isa = PBXBuildFile; fileRef = 6695941D1E8F964B004BA9B0 /* Async.swift */; };
		6695942B1E8F964B004BA9B0 /* Color.swift in Sources */ = {isa = PBXBuildFile; fileRef = 6695941E1E8F964B004BA9B0 /* Color.swift */; };
		6695942C1E8F964B004BA9B0 /* Date.swift in Sources */ = {isa = PBXBuildFile; fileRef = 6695941F1E8F964B004BA9B0 /* Date.swift */; };
		6695942E1E8F964B004BA9B0 /* Image.swift in Sources */ = {isa = PBXBuildFile; fileRef = 669594211E8F964B004BA9B0 /* Image.swift */; };
		6695942F1E8F964B004BA9B0 /* Label.swift in Sources */ = {isa = PBXBuildFile; fileRef = 669594221E8F964B004BA9B0 /* Label.swift */; };
		669594301E8F964B004BA9B0 /* LayoutParams.swift in Sources */ = {isa = PBXBuildFile; fileRef = 669594231E8F964B004BA9B0 /* LayoutParams.swift */; };
		669594311E8F964B004BA9B0 /* String.swift in Sources */ = {isa = PBXBuildFile; fileRef = 669594241E8F964B004BA9B0 /* String.swift */; };
		669594321E8F964B004BA9B0 /* Transform.swift in Sources */ = {isa = PBXBuildFile; fileRef = 669594251E8F964B004BA9B0 /* Transform.swift */; };
		669594331E8F964B004BA9B0 /* View.swift in Sources */ = {isa = PBXBuildFile; fileRef = 669594261E8F964B004BA9B0 /* View.swift */; };
		669594361E8F9838004BA9B0 /* Activity.swift in Sources */ = {isa = PBXBuildFile; fileRef = 669594341E8F9838004BA9B0 /* Activity.swift */; };
		669594371E8F9838004BA9B0 /* Operators.swift in Sources */ = {isa = PBXBuildFile; fileRef = 669594351E8F9838004BA9B0 /* Operators.swift */; };
		669594391E8F9F8A004BA9B0 /* Files.swift in Sources */ = {isa = PBXBuildFile; fileRef = 669594381E8F9F8A004BA9B0 /* Files.swift */; };
		6695943B1E904355004BA9B0 /* FaceAPI.swift in Sources */ = {isa = PBXBuildFile; fileRef = 6695943A1E904355004BA9B0 /* FaceAPI.swift */; };
		BEB1CD1AA3D006CC7FA86170 /* Pods_Got_Yer_Nose.framework in Frameworks */ = {isa = PBXBuildFile; fileRef = D449BC450534D03A475063AB /* Pods_Got_Yer_Nose.framework */; };
/* End PBXBuildFile section */

/* Begin PBXFileReference section */
		34B118732344F8DBA046230C /* Pods-Got Yer Nose.debug.xcconfig */ = {isa = PBXFileReference; includeInIndex = 1; lastKnownFileType = text.xcconfig; name = "Pods-Got Yer Nose.debug.xcconfig"; path = "Pods/Target Support Files/Pods-Got Yer Nose/Pods-Got Yer Nose.debug.xcconfig"; sourceTree = "<group>"; };
		669594021E8F91F3004BA9B0 /* Got Yer Nose.app */ = {isa = PBXFileReference; explicitFileType = wrapper.application; includeInIndex = 0; path = "Got Yer Nose.app"; sourceTree = BUILT_PRODUCTS_DIR; };
		669594051E8F91F3004BA9B0 /* AppDelegate.swift */ = {isa = PBXFileReference; lastKnownFileType = sourcecode.swift; path = AppDelegate.swift; sourceTree = "<group>"; };
		669594071E8F91F3004BA9B0 /* ViewController.swift */ = {isa = PBXFileReference; lastKnownFileType = sourcecode.swift; path = ViewController.swift; sourceTree = "<group>"; };
		6695940A1E8F91F3004BA9B0 /* Base */ = {isa = PBXFileReference; lastKnownFileType = file.storyboard; name = Base; path = Base.lproj/Main.storyboard; sourceTree = "<group>"; };
		6695940C1E8F91F3004BA9B0 /* Assets.xcassets */ = {isa = PBXFileReference; lastKnownFileType = folder.assetcatalog; path = Assets.xcassets; sourceTree = "<group>"; };
		6695940F1E8F91F3004BA9B0 /* Base */ = {isa = PBXFileReference; lastKnownFileType = file.storyboard; name = Base; path = Base.lproj/LaunchScreen.storyboard; sourceTree = "<group>"; };
		669594111E8F91F3004BA9B0 /* Info.plist */ = {isa = PBXFileReference; lastKnownFileType = text.plist.xml; path = Info.plist; sourceTree = "<group>"; };
		669594171E8F9548004BA9B0 /* Toast.swift */ = {isa = PBXFileReference; fileEncoding = 4; lastKnownFileType = sourcecode.swift; path = Toast.swift; sourceTree = "<group>"; };
		6695941B1E8F964B004BA9B0 /* Animation.swift */ = {isa = PBXFileReference; fileEncoding = 4; lastKnownFileType = sourcecode.swift; path = Animation.swift; sourceTree = "<group>"; };
		6695941C1E8F964B004BA9B0 /* Array.swift */ = {isa = PBXFileReference; fileEncoding = 4; lastKnownFileType = sourcecode.swift; path = Array.swift; sourceTree = "<group>"; };
		6695941D1E8F964B004BA9B0 /* Async.swift */ = {isa = PBXFileReference; fileEncoding = 4; lastKnownFileType = sourcecode.swift; path = Async.swift; sourceTree = "<group>"; };
		6695941E1E8F964B004BA9B0 /* Color.swift */ = {isa = PBXFileReference; fileEncoding = 4; lastKnownFileType = sourcecode.swift; path = Color.swift; sourceTree = "<group>"; };
		6695941F1E8F964B004BA9B0 /* Date.swift */ = {isa = PBXFileReference; fileEncoding = 4; lastKnownFileType = sourcecode.swift; path = Date.swift; sourceTree = "<group>"; };
		669594211E8F964B004BA9B0 /* Image.swift */ = {isa = PBXFileReference; fileEncoding = 4; lastKnownFileType = sourcecode.swift; path = Image.swift; sourceTree = "<group>"; };
		669594221E8F964B004BA9B0 /* Label.swift */ = {isa = PBXFileReference; fileEncoding = 4; lastKnownFileType = sourcecode.swift; path = Label.swift; sourceTree = "<group>"; };
		669594231E8F964B004BA9B0 /* LayoutParams.swift */ = {isa = PBXFileReference; fileEncoding = 4; lastKnownFileType = sourcecode.swift; path = LayoutParams.swift; sourceTree = "<group>"; };
		669594241E8F964B004BA9B0 /* String.swift */ = {isa = PBXFileReference; fileEncoding = 4; lastKnownFileType = sourcecode.swift; path = String.swift; sourceTree = "<group>"; };
		669594251E8F964B004BA9B0 /* Transform.swift */ = {isa = PBXFileReference; fileEncoding = 4; lastKnownFileType = sourcecode.swift; path = Transform.swift; sourceTree = "<group>"; };
		669594261E8F964B004BA9B0 /* View.swift */ = {isa = PBXFileReference; fileEncoding = 4; lastKnownFileType = sourcecode.swift; path = View.swift; sourceTree = "<group>"; };
		669594341E8F9838004BA9B0 /* Activity.swift */ = {isa = PBXFileReference; fileEncoding = 4; lastKnownFileType = sourcecode.swift; path = Activity.swift; sourceTree = "<group>"; };
		669594351E8F9838004BA9B0 /* Operators.swift */ = {isa = PBXFileReference; fileEncoding = 4; lastKnownFileType = sourcecode.swift; path = Operators.swift; sourceTree = "<group>"; };
		669594381E8F9F8A004BA9B0 /* Files.swift */ = {isa = PBXFileReference; fileEncoding = 4; lastKnownFileType = sourcecode.swift; path = Files.swift; sourceTree = "<group>"; };
		6695943A1E904355004BA9B0 /* FaceAPI.swift */ = {isa = PBXFileReference; fileEncoding = 4; lastKnownFileType = sourcecode.swift; path = FaceAPI.swift; sourceTree = "<group>"; };
		D449BC450534D03A475063AB /* Pods_Got_Yer_Nose.framework */ = {isa = PBXFileReference; explicitFileType = wrapper.framework; includeInIndex = 0; path = Pods_Got_Yer_Nose.framework; sourceTree = BUILT_PRODUCTS_DIR; };
		FD60E489B8D1B96FFF4F95BD /* Pods-Got Yer Nose.release.xcconfig */ = {isa = PBXFileReference; includeInIndex = 1; lastKnownFileType = text.xcconfig; name = "Pods-Got Yer Nose.release.xcconfig"; path = "Pods/Target Support Files/Pods-Got Yer Nose/Pods-Got Yer Nose.release.xcconfig"; sourceTree = "<group>"; };
/* End PBXFileReference section */

/* Begin PBXFrameworksBuildPhase section */
		669593FF1E8F91F3004BA9B0 /* Frameworks */ = {
			isa = PBXFrameworksBuildPhase;
			buildActionMask = 2147483647;
			files = (
				BEB1CD1AA3D006CC7FA86170 /* Pods_Got_Yer_Nose.framework in Frameworks */,
			);
			runOnlyForDeploymentPostprocessing = 0;
		};
/* End PBXFrameworksBuildPhase section */

/* Begin PBXGroup section */
		669593F91E8F91F3004BA9B0 = {
			isa = PBXGroup;
			children = (
				669594041E8F91F3004BA9B0 /* Got Yer Nose */,
				669594031E8F91F3004BA9B0 /* Products */,
				A68F768124CED29F8B4F3F59 /* Pods */,
				D768E441ECDBE2CD86AFFBCE /* Frameworks */,
			);
			sourceTree = "<group>";
		};
		669594031E8F91F3004BA9B0 /* Products */ = {
			isa = PBXGroup;
			children = (
				669594021E8F91F3004BA9B0 /* Got Yer Nose.app */,
			);
			name = Products;
			sourceTree = "<group>";
		};
		669594041E8F91F3004BA9B0 /* Got Yer Nose */ = {
			isa = PBXGroup;
			children = (
				669594191E8F95D4004BA9B0 /* Base */,
				669594051E8F91F3004BA9B0 /* AppDelegate.swift */,
				669594071E8F91F3004BA9B0 /* ViewController.swift */,
				669594091E8F91F3004BA9B0 /* Main.storyboard */,
				6695940C1E8F91F3004BA9B0 /* Assets.xcassets */,
				6695940E1E8F91F3004BA9B0 /* LaunchScreen.storyboard */,
				669594111E8F91F3004BA9B0 /* Info.plist */,
				6695943A1E904355004BA9B0 /* FaceAPI.swift */,
			);
			path = "Got Yer Nose";
			sourceTree = "<group>";
		};
		669594191E8F95D4004BA9B0 /* Base */ = {
			isa = PBXGroup;
			children = (
				669594381E8F9F8A004BA9B0 /* Files.swift */,
				669594341E8F9838004BA9B0 /* Activity.swift */,
				669594351E8F9838004BA9B0 /* Operators.swift */,
				6695941B1E8F964B004BA9B0 /* Animation.swift */,
				6695941C1E8F964B004BA9B0 /* Array.swift */,
				6695941D1E8F964B004BA9B0 /* Async.swift */,
				6695941E1E8F964B004BA9B0 /* Color.swift */,
				6695941F1E8F964B004BA9B0 /* Date.swift */,
				669594211E8F964B004BA9B0 /* Image.swift */,
				669594221E8F964B004BA9B0 /* Label.swift */,
				669594231E8F964B004BA9B0 /* LayoutParams.swift */,
				669594241E8F964B004BA9B0 /* String.swift */,
				669594251E8F964B004BA9B0 /* Transform.swift */,
				669594261E8F964B004BA9B0 /* View.swift */,
				669594171E8F9548004BA9B0 /* Toast.swift */,
			);
			name = Base;
			sourceTree = "<group>";
		};
		A68F768124CED29F8B4F3F59 /* Pods */ = {
			isa = PBXGroup;
			children = (
				34B118732344F8DBA046230C /* Pods-Got Yer Nose.debug.xcconfig */,
				FD60E489B8D1B96FFF4F95BD /* Pods-Got Yer Nose.release.xcconfig */,
			);
			name = Pods;
			sourceTree = "<group>";
		};
		D768E441ECDBE2CD86AFFBCE /* Frameworks */ = {
			isa = PBXGroup;
			children = (
				D449BC450534D03A475063AB /* Pods_Got_Yer_Nose.framework */,
			);
			name = Frameworks;
			sourceTree = "<group>";
		};
/* End PBXGroup section */

/* Begin PBXNativeTarget section */
		669594011E8F91F3004BA9B0 /* Got Yer Nose */ = {
			isa = PBXNativeTarget;
			buildConfigurationList = 669594141E8F91F3004BA9B0 /* Build configuration list for PBXNativeTarget "Got Yer Nose" */;
			buildPhases = (
				47FAD692687FB31AE0B25580 /* [CP] Check Pods Manifest.lock */,
				669593FE1E8F91F3004BA9B0 /* Sources */,
				669593FF1E8F91F3004BA9B0 /* Frameworks */,
				669594001E8F91F3004BA9B0 /* Resources */,
				15F84104FFA632E8AFE30F12 /* [CP] Embed Pods Frameworks */,
				52F769498BA167A6DD73B0DD /* [CP] Copy Pods Resources */,
			);
			buildRules = (
			);
			dependencies = (
			);
			name = "Got Yer Nose";
			productName = "Got Yer Nose";
			productReference = 669594021E8F91F3004BA9B0 /* Got Yer Nose.app */;
			productType = "com.apple.product-type.application";
		};
/* End PBXNativeTarget section */

/* Begin PBXProject section */
		669593FA1E8F91F3004BA9B0 /* Project object */ = {
			isa = PBXProject;
			attributes = {
				LastSwiftUpdateCheck = 0830;
				LastUpgradeCheck = 0830;
				ORGANIZATIONNAME = Daddy;
				TargetAttributes = {
					669594011E8F91F3004BA9B0 = {
						CreatedOnToolsVersion = 8.3;
						DevelopmentTeam = HD69N3ZDS2;
						ProvisioningStyle = Automatic;
					};
				};
			};
			buildConfigurationList = 669593FD1E8F91F3004BA9B0 /* Build configuration list for PBXProject "Got Yer Nose" */;
			compatibilityVersion = "Xcode 3.2";
			developmentRegion = English;
			hasScannedForEncodings = 0;
			knownRegions = (
				en,
				Base,
			);
			mainGroup = 669593F91E8F91F3004BA9B0;
			productRefGroup = 669594031E8F91F3004BA9B0 /* Products */;
			projectDirPath = "";
			projectRoot = "";
			targets = (
				669594011E8F91F3004BA9B0 /* Got Yer Nose */,
			);
		};
/* End PBXProject section */

/* Begin PBXResourcesBuildPhase section */
		669594001E8F91F3004BA9B0 /* Resources */ = {
			isa = PBXResourcesBuildPhase;
			buildActionMask = 2147483647;
			files = (
				669594101E8F91F3004BA9B0 /* LaunchScreen.storyboard in Resources */,
				6695940D1E8F91F3004BA9B0 /* Assets.xcassets in Resources */,
				6695940B1E8F91F3004BA9B0 /* Main.storyboard in Resources */,
			);
			runOnlyForDeploymentPostprocessing = 0;
		};
/* End PBXResourcesBuildPhase section */

/* Begin PBXShellScriptBuildPhase section */
		15F84104FFA632E8AFE30F12 /* [CP] Embed Pods Frameworks */ = {
			isa = PBXShellScriptBuildPhase;
			buildActionMask = 2147483647;
			files = (
			);
			inputPaths = (
			);
			name = "[CP] Embed Pods Frameworks";
			outputPaths = (
			);
			runOnlyForDeploymentPostprocessing = 0;
			shellPath = /bin/sh;
			shellScript = "\"${SRCROOT}/Pods/Target Support Files/Pods-Got Yer Nose/Pods-Got Yer Nose-frameworks.sh\"\n";
			showEnvVarsInLog = 0;
		};
		47FAD692687FB31AE0B25580 /* [CP] Check Pods Manifest.lock */ = {
			isa = PBXShellScriptBuildPhase;
			buildActionMask = 2147483647;
			files = (
			);
			inputPaths = (
			);
			name = "[CP] Check Pods Manifest.lock";
			outputPaths = (
			);
			runOnlyForDeploymentPostprocessing = 0;
			shellPath = /bin/sh;
			shellScript = "diff \"${PODS_ROOT}/../Podfile.lock\" \"${PODS_ROOT}/Manifest.lock\" > /dev/null\nif [ $? != 0 ] ; then\n    # print error to STDERR\n    echo \"error: The sandbox is not in sync with the Podfile.lock. Run 'pod install' or update your CocoaPods installation.\" >&2\n    exit 1\nfi\n";
			showEnvVarsInLog = 0;
		};
		52F769498BA167A6DD73B0DD /* [CP] Copy Pods Resources */ = {
			isa = PBXShellScriptBuildPhase;
			buildActionMask = 2147483647;
			files = (
			);
			inputPaths = (
			);
			name = "[CP] Copy Pods Resources";
			outputPaths = (
			);
			runOnlyForDeploymentPostprocessing = 0;
			shellPath = /bin/sh;
			shellScript = "\"${SRCROOT}/Pods/Target Support Files/Pods-Got Yer Nose/Pods-Got Yer Nose-resources.sh\"\n";
			showEnvVarsInLog = 0;
		};
/* End PBXShellScriptBuildPhase section */

/* Begin PBXSourcesBuildPhase section */
		669593FE1E8F91F3004BA9B0 /* Sources */ = {
			isa = PBXSourcesBuildPhase;
			buildActionMask = 2147483647;
			files = (
				669594361E8F9838004BA9B0 /* Activity.swift in Sources */,
				669594331E8F964B004BA9B0 /* View.swift in Sources */,
				669594081E8F91F3004BA9B0 /* ViewController.swift in Sources */,
				6695942F1E8F964B004BA9B0 /* Label.swift in Sources */,
				669594181E8F9548004BA9B0 /* Toast.swift in Sources */,
				669594311E8F964B004BA9B0 /* String.swift in Sources */,
				6695942A1E8F964B004BA9B0 /* Async.swift in Sources */,
				669594321E8F964B004BA9B0 /* Transform.swift in Sources */,
				669594291E8F964B004BA9B0 /* Array.swift in Sources */,
				669594371E8F9838004BA9B0 /* Operators.swift in Sources */,
				669594391E8F9F8A004BA9B0 /* Files.swift in Sources */,
				6695942B1E8F964B004BA9B0 /* Color.swift in Sources */,
				669594281E8F964B004BA9B0 /* Animation.swift in Sources */,
				6695942C1E8F964B004BA9B0 /* Date.swift in Sources */,
				669594301E8F964B004BA9B0 /* LayoutParams.swift in Sources */,
				6695942E1E8F964B004BA9B0 /* Image.swift in Sources */,
				669594061E8F91F3004BA9B0 /* AppDelegate.swift in Sources */,
				6695943B1E904355004BA9B0 /* FaceAPI.swift in Sources */,
			);
			runOnlyForDeploymentPostprocessing = 0;
		};
/* End PBXSourcesBuildPhase section */

/* Begin PBXVariantGroup section */
		669594091E8F91F3004BA9B0 /* Main.storyboard */ = {
			isa = PBXVariantGroup;
			children = (
				6695940A1E8F91F3004BA9B0 /* Base */,
			);
			name = Main.storyboard;
			sourceTree = "<group>";
		};
		6695940E1E8F91F3004BA9B0 /* LaunchScreen.storyboard */ = {
			isa = PBXVariantGroup;
			children = (
				6695940F1E8F91F3004BA9B0 /* Base */,
			);
			name = LaunchScreen.storyboard;
			sourceTree = "<group>";
		};
/* End PBXVariantGroup section */

/* Begin XCBuildConfiguration section */
		669594121E8F91F3004BA9B0 /* Debug */ = {
			isa = XCBuildConfiguration;
			buildSettings = {
				ALWAYS_SEARCH_USER_PATHS = NO;
				CLANG_ANALYZER_NONNULL = YES;
				CLANG_ANALYZER_NUMBER_OBJECT_CONVERSION = YES_AGGRESSIVE;
				CLANG_CXX_LANGUAGE_STANDARD = "gnu++0x";
				CLANG_CXX_LIBRARY = "libc++";
				CLANG_ENABLE_MODULES = YES;
				CLANG_ENABLE_OBJC_ARC = YES;
				CLANG_WARN_BOOL_CONVERSION = YES;
				CLANG_WARN_CONSTANT_CONVERSION = YES;
				CLANG_WARN_DIRECT_OBJC_ISA_USAGE = YES_ERROR;
				CLANG_WARN_DOCUMENTATION_COMMENTS = YES;
				CLANG_WARN_EMPTY_BODY = YES;
				CLANG_WARN_ENUM_CONVERSION = YES;
				CLANG_WARN_INFINITE_RECURSION = YES;
				CLANG_WARN_INT_CONVERSION = YES;
				CLANG_WARN_OBJC_ROOT_CLASS = YES_ERROR;
				CLANG_WARN_SUSPICIOUS_MOVE = YES;
				CLANG_WARN_UNREACHABLE_CODE = YES;
				CLANG_WARN__DUPLICATE_METHOD_MATCH = YES;
				"CODE_SIGN_IDENTITY[sdk=iphoneos*]" = "iPhone Developer";
				COPY_PHASE_STRIP = NO;
				DEBUG_INFORMATION_FORMAT = dwarf;
				ENABLE_STRICT_OBJC_MSGSEND = YES;
				ENABLE_TESTABILITY = YES;
				GCC_C_LANGUAGE_STANDARD = gnu99;
				GCC_DYNAMIC_NO_PIC = NO;
				GCC_NO_COMMON_BLOCKS = YES;
				GCC_OPTIMIZATION_LEVEL = 0;
				GCC_PREPROCESSOR_DEFINITIONS = (
					"DEBUG=1",
					"$(inherited)",
				);
				GCC_WARN_64_TO_32_BIT_CONVERSION = YES;
				GCC_WARN_ABOUT_RETURN_TYPE = YES_ERROR;
				GCC_WARN_UNDECLARED_SELECTOR = YES;
				GCC_WARN_UNINITIALIZED_AUTOS = YES_AGGRESSIVE;
				GCC_WARN_UNUSED_FUNCTION = YES;
				GCC_WARN_UNUSED_VARIABLE = YES;
				IPHONEOS_DEPLOYMENT_TARGET = 10.3;
				MTL_ENABLE_DEBUG_INFO = YES;
				ONLY_ACTIVE_ARCH = YES;
				SDKROOT = iphoneos;
				SWIFT_ACTIVE_COMPILATION_CONDITIONS = DEBUG;
				SWIFT_OPTIMIZATION_LEVEL = "-Onone";
				TARGETED_DEVICE_FAMILY = "1,2";
			};
			name = Debug;
		};
		669594131E8F91F3004BA9B0 /* Release */ = {
			isa = XCBuildConfiguration;
			buildSettings = {
				ALWAYS_SEARCH_USER_PATHS = NO;
				CLANG_ANALYZER_NONNULL = YES;
				CLANG_ANALYZER_NUMBER_OBJECT_CONVERSION = YES_AGGRESSIVE;
				CLANG_CXX_LANGUAGE_STANDARD = "gnu++0x";
				CLANG_CXX_LIBRARY = "libc++";
				CLANG_ENABLE_MODULES = YES;
				CLANG_ENABLE_OBJC_ARC = YES;
				CLANG_WARN_BOOL_CONVERSION = YES;
				CLANG_WARN_CONSTANT_CONVERSION = YES;
				CLANG_WARN_DIRECT_OBJC_ISA_USAGE = YES_ERROR;
				CLANG_WARN_DOCUMENTATION_COMMENTS = YES;
				CLANG_WARN_EMPTY_BODY = YES;
				CLANG_WARN_ENUM_CONVERSION = YES;
				CLANG_WARN_INFINITE_RECURSION = YES;
				CLANG_WARN_INT_CONVERSION = YES;
				CLANG_WARN_OBJC_ROOT_CLASS = YES_ERROR;
				CLANG_WARN_SUSPICIOUS_MOVE = YES;
				CLANG_WARN_UNREACHABLE_CODE = YES;
				CLANG_WARN__DUPLICATE_METHOD_MATCH = YES;
				"CODE_SIGN_IDENTITY[sdk=iphoneos*]" = "iPhone Developer";
				COPY_PHASE_STRIP = NO;
				DEBUG_INFORMATION_FORMAT = "dwarf-with-dsym";
				ENABLE_NS_ASSERTIONS = NO;
				ENABLE_STRICT_OBJC_MSGSEND = YES;
				GCC_C_LANGUAGE_STANDARD = gnu99;
				GCC_NO_COMMON_BLOCKS = YES;
				GCC_WARN_64_TO_32_BIT_CONVERSION = YES;
				GCC_WARN_ABOUT_RETURN_TYPE = YES_ERROR;
				GCC_WARN_UNDECLARED_SELECTOR = YES;
				GCC_WARN_UNINITIALIZED_AUTOS = YES_AGGRESSIVE;
				GCC_WARN_UNUSED_FUNCTION = YES;
				GCC_WARN_UNUSED_VARIABLE = YES;
				IPHONEOS_DEPLOYMENT_TARGET = 10.3;
				MTL_ENABLE_DEBUG_INFO = NO;
				SDKROOT = iphoneos;
				SWIFT_OPTIMIZATION_LEVEL = "-Owholemodule";
				TARGETED_DEVICE_FAMILY = "1,2";
				VALIDATE_PRODUCT = YES;
			};
			name = Release;
		};
		669594151E8F91F3004BA9B0 /* Debug */ = {
			isa = XCBuildConfiguration;
			baseConfigurationReference = 34B118732344F8DBA046230C /* Pods-Got Yer Nose.debug.xcconfig */;
			buildSettings = {
				ASSETCATALOG_COMPILER_APPICON_NAME = AppIcon;
				DEVELOPMENT_TEAM = HD69N3ZDS2;
				INFOPLIST_FILE = "Got Yer Nose/Info.plist";
				LD_RUNPATH_SEARCH_PATHS = "$(inherited) @executable_path/Frameworks";
				PRODUCT_BUNDLE_IDENTIFIER = "com.daddi.Got-Yer-Nose";
				PRODUCT_NAME = "$(TARGET_NAME)";
				SWIFT_VERSION = 3.0;
			};
			name = Debug;
		};
		669594161E8F91F3004BA9B0 /* Release */ = {
			isa = XCBuildConfiguration;
			baseConfigurationReference = FD60E489B8D1B96FFF4F95BD /* Pods-Got Yer Nose.release.xcconfig */;
			buildSettings = {
				ASSETCATALOG_COMPILER_APPICON_NAME = AppIcon;
				DEVELOPMENT_TEAM = HD69N3ZDS2;
				INFOPLIST_FILE = "Got Yer Nose/Info.plist";
				LD_RUNPATH_SEARCH_PATHS = "$(inherited) @executable_path/Frameworks";
				PRODUCT_BUNDLE_IDENTIFIER = "com.daddi.Got-Yer-Nose";
				PRODUCT_NAME = "$(TARGET_NAME)";
				SWIFT_VERSION = 3.0;
			};
			name = Release;
		};
/* End XCBuildConfiguration section */

/* Begin XCConfigurationList section */
		669593FD1E8F91F3004BA9B0 /* Build configuration list for PBXProject "Got Yer Nose" */ = {
			isa = XCConfigurationList;
			buildConfigurations = (
				669594121E8F91F3004BA9B0 /* Debug */,
				669594131E8F91F3004BA9B0 /* Release */,
			);
			defaultConfigurationIsVisible = 0;
			defaultConfigurationName = Release;
		};
		669594141E8F91F3004BA9B0 /* Build configuration list for PBXNativeTarget "Got Yer Nose" */ = {
			isa = XCConfigurationList;
			buildConfigurations = (
				669594151E8F91F3004BA9B0 /* Debug */,
				669594161E8F91F3004BA9B0 /* Release */,
			);
			defaultConfigurationIsVisible = 0;
			defaultConfigurationName = Release;
		};
/* End XCConfigurationList section */
	};
	rootObject = 669593FA1E8F91F3004BA9B0 /* Project object */;
}
